// !$*UTF8*$!
{
	archiveVersion = 1;
	classes = {
	};
	objectVersion = 50;
	objects = {

/* Begin PBXBuildFile section */
		963095052163E36F000878D6 /* libc++.tbd in Frameworks */ = {isa = PBXBuildFile; fileRef = 963095042163E36F000878D6 /* libc++.tbd */; };
		966FF6C22163D72900D2EE09 /* main.m in Sources */ = {isa = PBXBuildFile; fileRef = 966FF6C12163D72900D2EE09 /* main.m */; };
		968FBE6A9F67A9A7CC971ABA /* libPods-boom.a in Frameworks */ = {isa = PBXBuildFile; fileRef = ACBDFEE7C6CD855F1203C59E /* libPods-boom.a */; };
/* End PBXBuildFile section */

/* Begin PBXCopyFilesBuildPhase section */
		966FF6BC2163D72900D2EE09 /* CopyFiles */ = {
			isa = PBXCopyFilesBuildPhase;
			buildActionMask = 2147483647;
			dstPath = /usr/share/man/man1/;
			dstSubfolderSpec = 0;
			files = (
			);
			runOnlyForDeploymentPostprocessing = 1;
		};
/* End PBXCopyFilesBuildPhase section */

/* Begin PBXFileReference section */
		963095042163E36F000878D6 /* libc++.tbd */ = {isa = PBXFileReference; lastKnownFileType = "sourcecode.text-based-dylib-definition"; name = "libc++.tbd"; path = "usr/lib/libc++.tbd"; sourceTree = SDKROOT; };
		966FF6BE2163D72900D2EE09 /* boom */ = {isa = PBXFileReference; explicitFileType = "compiled.mach-o.executable"; includeInIndex = 0; path = boom; sourceTree = BUILT_PRODUCTS_DIR; };
		966FF6C12163D72900D2EE09 /* main.m */ = {isa = PBXFileReference; lastKnownFileType = sourcecode.c.objc; path = main.m; sourceTree = "<group>"; };
		AABAB626A99C1B36946292A1 /* Pods-boom.debug.xcconfig */ = {isa = PBXFileReference; includeInIndex = 1; lastKnownFileType = text.xcconfig; name = "Pods-boom.debug.xcconfig"; path = "Pods/Target Support Files/Pods-boom/Pods-boom.debug.xcconfig"; sourceTree = "<group>"; };
		ACBDFEE7C6CD855F1203C59E /* libPods-boom.a */ = {isa = PBXFileReference; explicitFileType = archive.ar; includeInIndex = 0; path = "libPods-boom.a"; sourceTree = BUILT_PRODUCTS_DIR; };
		FF25D150532F46E957F565DD /* Pods-boom.release.xcconfig */ = {isa = PBXFileReference; includeInIndex = 1; lastKnownFileType = text.xcconfig; name = "Pods-boom.release.xcconfig"; path = "Pods/Target Support Files/Pods-boom/Pods-boom.release.xcconfig"; sourceTree = "<group>"; };
/* End PBXFileReference section */

/* Begin PBXFrameworksBuildPhase section */
		966FF6BB2163D72900D2EE09 /* Frameworks */ = {
			isa = PBXFrameworksBuildPhase;
			buildActionMask = 2147483647;
			files = (
				963095052163E36F000878D6 /* libc++.tbd in Frameworks */,
				968FBE6A9F67A9A7CC971ABA /* libPods-boom.a in Frameworks */,
			);
			runOnlyForDeploymentPostprocessing = 0;
		};
/* End PBXFrameworksBuildPhase section */

/* Begin PBXGroup section */
		398D914FDC270171E5B9BF7E /* Pods */ = {
			isa = PBXGroup;
			children = (
				AABAB626A99C1B36946292A1 /* Pods-boom.debug.xcconfig */,
				FF25D150532F46E957F565DD /* Pods-boom.release.xcconfig */,
			);
			name = Pods;
			sourceTree = "<group>";
		};
		39A50FCAEE888365E2C63FD2 /* Frameworks */ = {
			isa = PBXGroup;
			children = (
				963095042163E36F000878D6 /* libc++.tbd */,
				ACBDFEE7C6CD855F1203C59E /* libPods-boom.a */,
			);
			name = Frameworks;
			sourceTree = "<group>";
		};
		966FF6B52163D72900D2EE09 = {
			isa = PBXGroup;
			children = (
				966FF6C02163D72900D2EE09 /* boom */,
				966FF6BF2163D72900D2EE09 /* Products */,
				398D914FDC270171E5B9BF7E /* Pods */,
				39A50FCAEE888365E2C63FD2 /* Frameworks */,
			);
			sourceTree = "<group>";
		};
		966FF6BF2163D72900D2EE09 /* Products */ = {
			isa = PBXGroup;
			children = (
				966FF6BE2163D72900D2EE09 /* boom */,
			);
			name = Products;
			sourceTree = "<group>";
		};
		966FF6C02163D72900D2EE09 /* boom */ = {
			isa = PBXGroup;
			children = (
				966FF6C12163D72900D2EE09 /* main.m */,
			);
			path = boom;
			sourceTree = "<group>";
		};
/* End PBXGroup section */

/* Begin PBXNativeTarget section */
		966FF6BD2163D72900D2EE09 /* boom */ = {
			isa = PBXNativeTarget;
			buildConfigurationList = 966FF6C52163D72900D2EE09 /* Build configuration list for PBXNativeTarget "boom" */;
			buildPhases = (
				7AD3E38E532CA653F2AD0A51 /* [CP] Check Pods Manifest.lock */,
				966FF6BA2163D72900D2EE09 /* Sources */,
				966FF6BB2163D72900D2EE09 /* Frameworks */,
				966FF6BC2163D72900D2EE09 /* CopyFiles */,
			);
			buildRules = (
			);
			dependencies = (
			);
			name = boom;
			productName = boom;
			productReference = 966FF6BE2163D72900D2EE09 /* boom */;
			productType = "com.apple.product-type.tool";
		};
/* End PBXNativeTarget section */

/* Begin PBXProject section */
		966FF6B62163D72900D2EE09 /* Project object */ = {
			isa = PBXProject;
			attributes = {
				LastUpgradeCheck = 1000;
				ORGANIZATIONNAME = CCtalk;
				TargetAttributes = {
					966FF6BD2163D72900D2EE09 = {
						CreatedOnToolsVersion = 10.0;
					};
				};
			};
			buildConfigurationList = 966FF6B92163D72900D2EE09 /* Build configuration list for PBXProject "boom" */;
			compatibilityVersion = "Xcode 9.3";
			developmentRegion = en;
			hasScannedForEncodings = 0;
			knownRegions = (
				en,
			);
			mainGroup = 966FF6B52163D72900D2EE09;
			productRefGroup = 966FF6BF2163D72900D2EE09 /* Products */;
			projectDirPath = "";
			projectRoot = "";
			targets = (
				966FF6BD2163D72900D2EE09 /* boom */,
			);
		};
/* End PBXProject section */

/* Begin PBXShellScriptBuildPhase section */
		7AD3E38E532CA653F2AD0A51 /* [CP] Check Pods Manifest.lock */ = {
			isa = PBXShellScriptBuildPhase;
			buildActionMask = 2147483647;
			files = (
			);
			inputFileListPaths = (
			);
			inputPaths = (
				"${PODS_PODFILE_DIR_PATH}/Podfile.lock",
				"${PODS_ROOT}/Manifest.lock",
			);
			name = "[CP] Check Pods Manifest.lock";
			outputFileListPaths = (
			);
			outputPaths = (
				"$(DERIVED_FILE_DIR)/Pods-boom-checkManifestLockResult.txt",
			);
			runOnlyForDeploymentPostprocessing = 0;
			shellPath = /bin/sh;
			shellScript = "diff \"${PODS_PODFILE_DIR_PATH}/Podfile.lock\" \"${PODS_ROOT}/Manifest.lock\" > /dev/null\nif [ $? != 0 ] ; then\n    # print error to STDERR\n    echo \"error: The sandbox is not in sync with the Podfile.lock. Run 'pod install' or update your CocoaPods installation.\" >&2\n    exit 1\nfi\n# This output is used by Xcode 'outputs' to avoid re-running this script phase.\necho \"SUCCESS\" > \"${SCRIPT_OUTPUT_FILE_0}\"\n";
			showEnvVarsInLog = 0;
		};
/* End PBXShellScriptBuildPhase section */

/* Begin PBXSourcesBuildPhase section */
		966FF6BA2163D72900D2EE09 /* Sources */ = {
			isa = PBXSourcesBuildPhase;
			buildActionMask = 2147483647;
			files = (
				966FF6C22163D72900D2EE09 /* main.m in Sources */,
			);
			runOnlyForDeploymentPostprocessing = 0;
		};
/* End PBXSourcesBuildPhase section */

/* Begin XCBuildConfiguration section */
		966FF6C32163D72900D2EE09 /* Debug */ = {
			isa = XCBuildConfiguration;
			buildSettings = {
				ALWAYS_SEARCH_USER_PATHS = NO;
				CLANG_ANALYZER_NONNULL = YES;
				CLANG_ANALYZER_NUMBER_OBJECT_CONVERSION = YES_AGGRESSIVE;
				CLANG_CXX_LANGUAGE_STANDARD = "gnu++14";
				CLANG_CXX_LIBRARY = "libc++";
				CLANG_ENABLE_MODULES = YES;
				CLANG_ENABLE_OBJC_ARC = YES;
				CLANG_ENABLE_OBJC_WEAK = YES;
				CLANG_WARN_BLOCK_CAPTURE_AUTORELEASING = YES;
				CLANG_WARN_BOOL_CONVERSION = YES;
				CLANG_WARN_COMMA = YES;
				CLANG_WARN_CONSTANT_CONVERSION = YES;
				CLANG_WARN_DEPRECATED_OBJC_IMPLEMENTATIONS = YES;
				CLANG_WARN_DIRECT_OBJC_ISA_USAGE = YES_ERROR;
				CLANG_WARN_DOCUMENTATION_COMMENTS = YES;
				CLANG_WARN_EMPTY_BODY = YES;
				CLANG_WARN_ENUM_CONVERSION = YES;
				CLANG_WARN_INFINITE_RECURSION = YES;
				CLANG_WARN_INT_CONVERSION = YES;
				CLANG_WARN_NON_LITERAL_NULL_CONVERSION = YES;
				CLANG_WARN_OBJC_IMPLICIT_RETAIN_SELF = YES;
				CLANG_WARN_OBJC_LITERAL_CONVERSION = YES;
				CLANG_WARN_OBJC_ROOT_CLASS = YES_ERROR;
				CLANG_WARN_RANGE_LOOP_ANALYSIS = YES;
				CLANG_WARN_STRICT_PROTOTYPES = YES;
				CLANG_WARN_SUSPICIOUS_MOVE = YES;
				CLANG_WARN_UNGUARDED_AVAILABILITY = YES_AGGRESSIVE;
				CLANG_WARN_UNREACHABLE_CODE = YES;
				CLANG_WARN__DUPLICATE_METHOD_MATCH = YES;
				CODE_SIGN_IDENTITY = "Mac Developer";
				COPY_PHASE_STRIP = NO;
				DEBUG_INFORMATION_FORMAT = dwarf;
				ENABLE_STRICT_OBJC_MSGSEND = YES;
				ENABLE_TESTABILITY = YES;
				GCC_C_LANGUAGE_STANDARD = gnu11;
				GCC_DYNAMIC_NO_PIC = NO;
				GCC_NO_COMMON_BLOCKS = YES;
				GCC_OPTIMIZATION_LEVEL = 0;
				GCC_PREPROCESSOR_DEFINITIONS = (
					"DEBUG=1",
					"$(inherited)",
				);
				GCC_WARN_64_TO_32_BIT_CONVERSION = YES;
				GCC_WARN_ABOUT_RETURN_TYPE = YES_ERROR;
				GCC_WARN_UNDECLARED_SELECTOR = YES;
				GCC_WARN_UNINITIALIZED_AUTOS = YES_AGGRESSIVE;
				GCC_WARN_UNUSED_FUNCTION = YES;
				GCC_WARN_UNUSED_VARIABLE = YES;
				MACOSX_DEPLOYMENT_TARGET = 10.13;
				MTL_ENABLE_DEBUG_INFO = INCLUDE_SOURCE;
				MTL_FAST_MATH = YES;
				ONLY_ACTIVE_ARCH = YES;
				SDKROOT = macosx;
			};
			name = Debug;
		};
		966FF6C42163D72900D2EE09 /* Release */ = {
			isa = XCBuildConfiguration;
			buildSettings = {
				ALWAYS_SEARCH_USER_PATHS = NO;
				CLANG_ANALYZER_NONNULL = YES;
				CLANG_ANALYZER_NUMBER_OBJECT_CONVERSION = YES_AGGRESSIVE;
				CLANG_CXX_LANGUAGE_STANDARD = "gnu++14";
				CLANG_CXX_LIBRARY = "libc++";
				CLANG_ENABLE_MODULES = YES;
				CLANG_ENABLE_OBJC_ARC = YES;
				CLANG_ENABLE_OBJC_WEAK = YES;
				CLANG_WARN_BLOCK_CAPTURE_AUTORELEASING = YES;
				CLANG_WARN_BOOL_CONVERSION = YES;
				CLANG_WARN_COMMA = YES;
				CLANG_WARN_CONSTANT_CONVERSION = YES;
				CLANG_WARN_DEPRECATED_OBJC_IMPLEMENTATIONS = YES;
				CLANG_WARN_DIRECT_OBJC_ISA_USAGE = YES_ERROR;
				CLANG_WARN_DOCUMENTATION_COMMENTS = YES;
				CLANG_WARN_EMPTY_BODY = YES;
				CLANG_WARN_ENUM_CONVERSION = YES;
				CLANG_WARN_INFINITE_RECURSION = YES;
				CLANG_WARN_INT_CONVERSION = YES;
				CLANG_WARN_NON_LITERAL_NULL_CONVERSION = YES;
				CLANG_WARN_OBJC_IMPLICIT_RETAIN_SELF = YES;
				CLANG_WARN_OBJC_LITERAL_CONVERSION = YES;
				CLANG_WARN_OBJC_ROOT_CLASS = YES_ERROR;
				CLANG_WARN_RANGE_LOOP_ANALYSIS = YES;
				CLANG_WARN_STRICT_PROTOTYPES = YES;
				CLANG_WARN_SUSPICIOUS_MOVE = YES;
				CLANG_WARN_UNGUARDED_AVAILABILITY = YES_AGGRESSIVE;
				CLANG_WARN_UNREACHABLE_CODE = YES;
				CLANG_WARN__DUPLICATE_METHOD_MATCH = YES;
				CODE_SIGN_IDENTITY = "Mac Developer";
				COPY_PHASE_STRIP = NO;
				DEBUG_INFORMATION_FORMAT = "dwarf-with-dsym";
				ENABLE_NS_ASSERTIONS = NO;
				ENABLE_STRICT_OBJC_MSGSEND = YES;
				GCC_C_LANGUAGE_STANDARD = gnu11;
				GCC_NO_COMMON_BLOCKS = YES;
				GCC_WARN_64_TO_32_BIT_CONVERSION = YES;
				GCC_WARN_ABOUT_RETURN_TYPE = YES_ERROR;
				GCC_WARN_UNDECLARED_SELECTOR = YES;
				GCC_WARN_UNINITIALIZED_AUTOS = YES_AGGRESSIVE;
				GCC_WARN_UNUSED_FUNCTION = YES;
				GCC_WARN_UNUSED_VARIABLE = YES;
				MACOSX_DEPLOYMENT_TARGET = 10.13;
				MTL_ENABLE_DEBUG_INFO = NO;
				MTL_FAST_MATH = YES;
				SDKROOT = macosx;
			};
			name = Release;
		};
		966FF6C62163D72900D2EE09 /* Debug */ = {
			isa = XCBuildConfiguration;
			baseConfigurationReference = AABAB626A99C1B36946292A1 /* Pods-boom.debug.xcconfig */;
			buildSettings = {
				CODE_SIGN_STYLE = Automatic;
				DEVELOPMENT_TEAM = FT49326EMM;
				OTHER_LDFLAGS = (
					"$(inherited)",
					"-ObjC",
					"-l\"UnrarKit\"",
				);
				PRODUCT_NAME = "$(TARGET_NAME)";
			};
			name = Debug;
		};
		966FF6C72163D72900D2EE09 /* Release */ = {
			isa = XCBuildConfiguration;
			baseConfigurationReference = FF25D150532F46E957F565DD /* Pods-boom.release.xcconfig */;
			buildSettings = {
				CODE_SIGN_STYLE = Automatic;
				DEVELOPMENT_TEAM = FT49326EMM;
				OTHER_LDFLAGS = (
					"$(inherited)",
					"-ObjC",
					"-l\"UnrarKit\"",
				);
				PRODUCT_NAME = "$(TARGET_NAME)";
			};
			name = Release;
		};
/* End XCBuildConfiguration section */

/* Begin XCConfigurationList section */
		966FF6B92163D72900D2EE09 /* Build configuration list for PBXProject "boom" */ = {
			isa = XCConfigurationList;
			buildConfigurations = (
				966FF6C32163D72900D2EE09 /* Debug */,
				966FF6C42163D72900D2EE09 /* Release */,
			);
			defaultConfigurationIsVisible = 0;
			defaultConfigurationName = Release;
		};
		966FF6C52163D72900D2EE09 /* Build configuration list for PBXNativeTarget "boom" */ = {
			isa = XCConfigurationList;
			buildConfigurations = (
				966FF6C62163D72900D2EE09 /* Debug */,
				966FF6C72163D72900D2EE09 /* Release */,
			);
			defaultConfigurationIsVisible = 0;
			defaultConfigurationName = Release;
		};
/* End XCConfigurationList section */
	};
	rootObject = 966FF6B62163D72900D2EE09 /* Project object */;
}
